// !$*UTF8*$!
{
	archiveVersion = 1;
	classes = {
	};
	objectVersion = 56;
	objects = {

/* Begin PBXBuildFile section */
		A1530C9F297E94460013FA3C /* CalculatorApp.swift in Sources */ = {isa = PBXBuildFile; fileRef = A1530C9E297E94460013FA3C /* CalculatorApp.swift */; };
		A1530CA3297E94470013FA3C /* Assets.xcassets in Resources */ = {isa = PBXBuildFile; fileRef = A1530CA2297E94470013FA3C /* Assets.xcassets */; };
		A1530CA6297E94470013FA3C /* Preview Assets.xcassets in Resources */ = {isa = PBXBuildFile; fileRef = A1530CA5297E94470013FA3C /* Preview Assets.xcassets */; };
		A1530CAF297E96D90013FA3C /* CalculatorView.swift in Sources */ = {isa = PBXBuildFile; fileRef = A1530CAE297E96D90013FA3C /* CalculatorView.swift */; };
		A1530CB1297E99F50013FA3C /* ButtonType.swift in Sources */ = {isa = PBXBuildFile; fileRef = A1530CB0297E99F50013FA3C /* ButtonType.swift */; };
		A1530CB6297E9AF90013FA3C /* Digit.swift in Sources */ = {isa = PBXBuildFile; fileRef = A1530CB5297E9AF90013FA3C /* Digit.swift */; };
		A1530CB8297E9B1D0013FA3C /* ArithmeticOperation.swift in Sources */ = {isa = PBXBuildFile; fileRef = A1530CB7297E9B1D0013FA3C /* ArithmeticOperation.swift */; };
		A1530CBA297ECA1B0013FA3C /* CalculatorButtonStyle.swift in Sources */ = {isa = PBXBuildFile; fileRef = A1530CB9297ECA1B0013FA3C /* CalculatorButtonStyle.swift */; };
		A1530CBE297ED13C0013FA3C /* CalculatorButton.swift in Sources */ = {isa = PBXBuildFile; fileRef = A1530CBD297ED13C0013FA3C /* CalculatorButton.swift */; };
		A1530CC0297ED4030013FA3C /* Constants.swift in Sources */ = {isa = PBXBuildFile; fileRef = A1530CBF297ED4030013FA3C /* Constants.swift */; };
		A1530CC2297FA9360013FA3C /* Calculator.swift in Sources */ = {isa = PBXBuildFile; fileRef = A1530CC1297FA9360013FA3C /* Calculator.swift */; };
		A1530CC4297FA9CC0013FA3C /* CalculatorViewModel.swift in Sources */ = {isa = PBXBuildFile; fileRef = A1530CC3297FA9CC0013FA3C /* CalculatorViewModel.swift */; };
/* End PBXBuildFile section */

/* Begin PBXFileReference section */
		A1530C9B297E94460013FA3C /* Calculator.app */ = {isa = PBXFileReference; explicitFileType = wrapper.application; includeInIndex = 0; path = Calculator.app; sourceTree = BUILT_PRODUCTS_DIR; };
		A1530C9E297E94460013FA3C /* CalculatorApp.swift */ = {isa = PBXFileReference; lastKnownFileType = sourcecode.swift; path = CalculatorApp.swift; sourceTree = "<group>"; };
		A1530CA2297E94470013FA3C /* Assets.xcassets */ = {isa = PBXFileReference; lastKnownFileType = folder.assetcatalog; path = Assets.xcassets; sourceTree = "<group>"; };
		A1530CA5297E94470013FA3C /* Preview Assets.xcassets */ = {isa = PBXFileReference; lastKnownFileType = folder.assetcatalog; path = "Preview Assets.xcassets"; sourceTree = "<group>"; };
		A1530CAE297E96D90013FA3C /* CalculatorView.swift */ = {isa = PBXFileReference; lastKnownFileType = sourcecode.swift; path = CalculatorView.swift; sourceTree = "<group>"; };
		A1530CB0297E99F50013FA3C /* ButtonType.swift */ = {isa = PBXFileReference; lastKnownFileType = sourcecode.swift; path = ButtonType.swift; sourceTree = "<group>"; };
		A1530CB5297E9AF90013FA3C /* Digit.swift */ = {isa = PBXFileReference; lastKnownFileType = sourcecode.swift; path = Digit.swift; sourceTree = "<group>"; };
		A1530CB7297E9B1D0013FA3C /* ArithmeticOperation.swift */ = {isa = PBXFileReference; lastKnownFileType = sourcecode.swift; path = ArithmeticOperation.swift; sourceTree = "<group>"; };
		A1530CB9297ECA1B0013FA3C /* CalculatorButtonStyle.swift */ = {isa = PBXFileReference; lastKnownFileType = sourcecode.swift; path = CalculatorButtonStyle.swift; sourceTree = "<group>"; };
		A1530CBD297ED13C0013FA3C /* CalculatorButton.swift */ = {isa = PBXFileReference; lastKnownFileType = sourcecode.swift; path = CalculatorButton.swift; sourceTree = "<group>"; };
		A1530CBF297ED4030013FA3C /* Constants.swift */ = {isa = PBXFileReference; lastKnownFileType = sourcecode.swift; path = Constants.swift; sourceTree = "<group>"; };
		A1530CC1297FA9360013FA3C /* Calculator.swift */ = {isa = PBXFileReference; lastKnownFileType = sourcecode.swift; path = Calculator.swift; sourceTree = "<group>"; };
		A1530CC3297FA9CC0013FA3C /* CalculatorViewModel.swift */ = {isa = PBXFileReference; lastKnownFileType = sourcecode.swift; path = CalculatorViewModel.swift; sourceTree = "<group>"; };
/* End PBXFileReference section */

/* Begin PBXFrameworksBuildPhase section */
		A1530C98297E94460013FA3C /* Frameworks */ = {
			isa = PBXFrameworksBuildPhase;
			buildActionMask = 2147483647;
			files = (
			);
			runOnlyForDeploymentPostprocessing = 0;
		};
/* End PBXFrameworksBuildPhase section */

/* Begin PBXGroup section */
		A1530C92297E94460013FA3C = {
			isa = PBXGroup;
			children = (
				A1530C9D297E94460013FA3C /* Calculator */,
				A1530C9C297E94460013FA3C /* Products */,
			);
			sourceTree = "<group>";
		};
		A1530C9C297E94460013FA3C /* Products */ = {
			isa = PBXGroup;
			children = (
				A1530C9B297E94460013FA3C /* Calculator.app */,
			);
			name = Products;
			sourceTree = "<group>";
		};
		A1530C9D297E94460013FA3C /* Calculator */ = {
			isa = PBXGroup;
			children = (
				A1530CB3297E9A450013FA3C /* Views */,
				A1530CB2297E9A390013FA3C /* Models */,
				A1530CBB297ECA5F0013FA3C /* Styles */,
				A1530CA4297E94470013FA3C /* Preview Content */,
				A1530C9E297E94460013FA3C /* CalculatorApp.swift */,
				A1530CBF297ED4030013FA3C /* Constants.swift */,
				A1530CA5297E94470013FA3C /* Preview Assets.xcassets */,
			);
			path = Calculator;
			sourceTree = "<group>";
		};
		A1530CA4297E94470013FA3C /* Preview Content */ = {
			isa = PBXGroup;
			children = (
				A1530CA2297E94470013FA3C /* Assets.xcassets */,
			);
			path = "Preview Content";
			sourceTree = "<group>";
		};
		A1530CB2297E9A390013FA3C /* Models */ = {
			isa = PBXGroup;
			children = (
				A1530CB0297E99F50013FA3C /* ButtonType.swift */,
				A1530CB5297E9AF90013FA3C /* Digit.swift */,
				A1530CB7297E9B1D0013FA3C /* ArithmeticOperation.swift */,
				A1530CC1297FA9360013FA3C /* Calculator.swift */,
			);
			path = Models;
			sourceTree = "<group>";
		};
		A1530CB3297E9A450013FA3C /* Views */ = {
			isa = PBXGroup;
			children = (
				A1530CBC297ED1190013FA3C /* Components */,
				A1530CAE297E96D90013FA3C /* CalculatorView.swift */,
				A1530CC3297FA9CC0013FA3C /* CalculatorViewModel.swift */,
			);
			path = Views;
			sourceTree = "<group>";
		};
		A1530CBB297ECA5F0013FA3C /* Styles */ = {
			isa = PBXGroup;
			children = (
				A1530CB9297ECA1B0013FA3C /* CalculatorButtonStyle.swift */,
			);
			path = Styles;
			sourceTree = "<group>";
		};
		A1530CBC297ED1190013FA3C /* Components */ = {
			isa = PBXGroup;
			children = (
				A1530CBD297ED13C0013FA3C /* CalculatorButton.swift */,
			);
			path = Components;
			sourceTree = "<group>";
		};
/* End PBXGroup section */

/* Begin PBXNativeTarget section */
		A1530C9A297E94460013FA3C /* Calculator */ = {
			isa = PBXNativeTarget;
			buildConfigurationList = A1530CA9297E94470013FA3C /* Build configuration list for PBXNativeTarget "Calculator" */;
			buildPhases = (
				A1530C97297E94460013FA3C /* Sources */,
				A1530C98297E94460013FA3C /* Frameworks */,
				A1530C99297E94460013FA3C /* Resources */,
			);
			buildRules = (
			);
			dependencies = (
			);
			name = Calculator;
			productName = Calculator;
			productReference = A1530C9B297E94460013FA3C /* Calculator.app */;
			productType = "com.apple.product-type.application";
		};
/* End PBXNativeTarget section */

/* Begin PBXProject section */
		A1530C93297E94460013FA3C /* Project object */ = {
			isa = PBXProject;
			attributes = {
				BuildIndependentTargetsInParallel = 1;
				LastSwiftUpdateCheck = 1420;
				LastUpgradeCheck = 1420;
				TargetAttributes = {
					A1530C9A297E94460013FA3C = {
						CreatedOnToolsVersion = 14.2;
					};
				};
			};
			buildConfigurationList = A1530C96297E94460013FA3C /* Build configuration list for PBXProject "Calculator" */;
			compatibilityVersion = "Xcode 14.0";
			developmentRegion = en;
			hasScannedForEncodings = 0;
			knownRegions = (
				en,
				Base,
			);
			mainGroup = A1530C92297E94460013FA3C;
			productRefGroup = A1530C9C297E94460013FA3C /* Products */;
			projectDirPath = "";
			projectRoot = "";
			targets = (
				A1530C9A297E94460013FA3C /* Calculator */,
			);
		};
/* End PBXProject section */

/* Begin PBXResourcesBuildPhase section */
		A1530C99297E94460013FA3C /* Resources */ = {
			isa = PBXResourcesBuildPhase;
			buildActionMask = 2147483647;
			files = (
				A1530CA6297E94470013FA3C /* Preview Assets.xcassets in Resources */,
				A1530CA3297E94470013FA3C /* Assets.xcassets in Resources */,
			);
			runOnlyForDeploymentPostprocessing = 0;
		};
/* End PBXResourcesBuildPhase section */

/* Begin PBXSourcesBuildPhase section */
		A1530C97297E94460013FA3C /* Sources */ = {
			isa = PBXSourcesBuildPhase;
			buildActionMask = 2147483647;
			files = (
				A1530CB8297E9B1D0013FA3C /* ArithmeticOperation.swift in Sources */,
				A1530CBE297ED13C0013FA3C /* CalculatorButton.swift in Sources */,
				A1530CBA297ECA1B0013FA3C /* CalculatorButtonStyle.swift in Sources */,
				A1530CAF297E96D90013FA3C /* CalculatorView.swift in Sources */,
				A1530CC4297FA9CC0013FA3C /* CalculatorViewModel.swift in Sources */,
				A1530CB1297E99F50013FA3C /* ButtonType.swift in Sources */,
				A1530CC2297FA9360013FA3C /* Calculator.swift in Sources */,
				A1530C9F297E94460013FA3C /* CalculatorApp.swift in Sources */,
				A1530CB6297E9AF90013FA3C /* Digit.swift in Sources */,
				A1530CC0297ED4030013FA3C /* Constants.swift in Sources */,
			);
			runOnlyForDeploymentPostprocessing = 0;
		};
/* End PBXSourcesBuildPhase section */

/* Begin XCBuildConfiguration section */
		A1530CA7297E94470013FA3C /* Debug */ = {
			isa = XCBuildConfiguration;
			buildSettings = {
				ALWAYS_SEARCH_USER_PATHS = NO;
				CLANG_ANALYZER_NONNULL = YES;
				CLANG_ANALYZER_NUMBER_OBJECT_CONVERSION = YES_AGGRESSIVE;
				CLANG_CXX_LANGUAGE_STANDARD = "gnu++20";
				CLANG_ENABLE_MODULES = YES;
				CLANG_ENABLE_OBJC_ARC = YES;
				CLANG_ENABLE_OBJC_WEAK = YES;
				CLANG_WARN_BLOCK_CAPTURE_AUTORELEASING = YES;
				CLANG_WARN_BOOL_CONVERSION = YES;
				CLANG_WARN_COMMA = YES;
				CLANG_WARN_CONSTANT_CONVERSION = YES;
				CLANG_WARN_DEPRECATED_OBJC_IMPLEMENTATIONS = YES;
				CLANG_WARN_DIRECT_OBJC_ISA_USAGE = YES_ERROR;
				CLANG_WARN_DOCUMENTATION_COMMENTS = YES;
				CLANG_WARN_EMPTY_BODY = YES;
				CLANG_WARN_ENUM_CONVERSION = YES;
				CLANG_WARN_INFINITE_RECURSION = YES;
				CLANG_WARN_INT_CONVERSION = YES;
				CLANG_WARN_NON_LITERAL_NULL_CONVERSION = YES;
				CLANG_WARN_OBJC_IMPLICIT_RETAIN_SELF = YES;
				CLANG_WARN_OBJC_LITERAL_CONVERSION = YES;
				CLANG_WARN_OBJC_ROOT_CLASS = YES_ERROR;
				CLANG_WARN_QUOTED_INCLUDE_IN_FRAMEWORK_HEADER = YES;
				CLANG_WARN_RANGE_LOOP_ANALYSIS = YES;
				CLANG_WARN_STRICT_PROTOTYPES = YES;
				CLANG_WARN_SUSPICIOUS_MOVE = YES;
				CLANG_WARN_UNGUARDED_AVAILABILITY = YES_AGGRESSIVE;
				CLANG_WARN_UNREACHABLE_CODE = YES;
				CLANG_WARN__DUPLICATE_METHOD_MATCH = YES;
				COPY_PHASE_STRIP = NO;
				DEBUG_INFORMATION_FORMAT = dwarf;
				ENABLE_STRICT_OBJC_MSGSEND = YES;
				ENABLE_TESTABILITY = YES;
				GCC_C_LANGUAGE_STANDARD = gnu11;
				GCC_DYNAMIC_NO_PIC = NO;
				GCC_NO_COMMON_BLOCKS = YES;
				GCC_OPTIMIZATION_LEVEL = 0;
				GCC_PREPROCESSOR_DEFINITIONS = (
					"DEBUG=1",
					"$(inherited)",
				);
				GCC_WARN_64_TO_32_BIT_CONVERSION = YES;
				GCC_WARN_ABOUT_RETURN_TYPE = YES_ERROR;
				GCC_WARN_UNDECLARED_SELECTOR = YES;
				GCC_WARN_UNINITIALIZED_AUTOS = YES_AGGRESSIVE;
				GCC_WARN_UNUSED_FUNCTION = YES;
				GCC_WARN_UNUSED_VARIABLE = YES;
				IPHONEOS_DEPLOYMENT_TARGET = 16.2;
				MTL_ENABLE_DEBUG_INFO = INCLUDE_SOURCE;
				MTL_FAST_MATH = YES;
				ONLY_ACTIVE_ARCH = YES;
				SDKROOT = iphoneos;
				SWIFT_ACTIVE_COMPILATION_CONDITIONS = DEBUG;
				SWIFT_OPTIMIZATION_LEVEL = "-Onone";
			};
			name = Debug;
		};
		A1530CA8297E94470013FA3C /* Release */ = {
			isa = XCBuildConfiguration;
			buildSettings = {
				ALWAYS_SEARCH_USER_PATHS = NO;
				CLANG_ANALYZER_NONNULL = YES;
				CLANG_ANALYZER_NUMBER_OBJECT_CONVERSION = YES_AGGRESSIVE;
				CLANG_CXX_LANGUAGE_STANDARD = "gnu++20";
				CLANG_ENABLE_MODULES = YES;
				CLANG_ENABLE_OBJC_ARC = YES;
				CLANG_ENABLE_OBJC_WEAK = YES;
				CLANG_WARN_BLOCK_CAPTURE_AUTORELEASING = YES;
				CLANG_WARN_BOOL_CONVERSION = YES;
				CLANG_WARN_COMMA = YES;
				CLANG_WARN_CONSTANT_CONVERSION = YES;
				CLANG_WARN_DEPRECATED_OBJC_IMPLEMENTATIONS = YES;
				CLANG_WARN_DIRECT_OBJC_ISA_USAGE = YES_ERROR;
				CLANG_WARN_DOCUMENTATION_COMMENTS = YES;
				CLANG_WARN_EMPTY_BODY = YES;
				CLANG_WARN_ENUM_CONVERSION = YES;
				CLANG_WARN_INFINITE_RECURSION = YES;
				CLANG_WARN_INT_CONVERSION = YES;
				CLANG_WARN_NON_LITERAL_NULL_CONVERSION = YES;
				CLANG_WARN_OBJC_IMPLICIT_RETAIN_SELF = YES;
				CLANG_WARN_OBJC_LITERAL_CONVERSION = YES;
				CLANG_WARN_OBJC_ROOT_CLASS = YES_ERROR;
				CLANG_WARN_QUOTED_INCLUDE_IN_FRAMEWORK_HEADER = YES;
				CLANG_WARN_RANGE_LOOP_ANALYSIS = YES;
				CLANG_WARN_STRICT_PROTOTYPES = YES;
				CLANG_WARN_SUSPICIOUS_MOVE = YES;
				CLANG_WARN_UNGUARDED_AVAILABILITY = YES_AGGRESSIVE;
				CLANG_WARN_UNREACHABLE_CODE = YES;
				CLANG_WARN__DUPLICATE_METHOD_MATCH = YES;
				COPY_PHASE_STRIP = NO;
				DEBUG_INFORMATION_FORMAT = "dwarf-with-dsym";
				ENABLE_NS_ASSERTIONS = NO;
				ENABLE_STRICT_OBJC_MSGSEND = YES;
				GCC_C_LANGUAGE_STANDARD = gnu11;
				GCC_NO_COMMON_BLOCKS = YES;
				GCC_WARN_64_TO_32_BIT_CONVERSION = YES;
				GCC_WARN_ABOUT_RETURN_TYPE = YES_ERROR;
				GCC_WARN_UNDECLARED_SELECTOR = YES;
				GCC_WARN_UNINITIALIZED_AUTOS = YES_AGGRESSIVE;
				GCC_WARN_UNUSED_FUNCTION = YES;
				GCC_WARN_UNUSED_VARIABLE = YES;
				IPHONEOS_DEPLOYMENT_TARGET = 16.2;
				MTL_ENABLE_DEBUG_INFO = NO;
				MTL_FAST_MATH = YES;
				SDKROOT = iphoneos;
				SWIFT_COMPILATION_MODE = wholemodule;
				SWIFT_OPTIMIZATION_LEVEL = "-O";
				VALIDATE_PRODUCT = YES;
			};
			name = Release;
		};
		A1530CAA297E94470013FA3C /* Debug */ = {
			isa = XCBuildConfiguration;
			buildSettings = {
				ASSETCATALOG_COMPILER_APPICON_NAME = AppIcon;
				ASSETCATALOG_COMPILER_GLOBAL_ACCENT_COLOR_NAME = AccentColor;
				CODE_SIGN_STYLE = Automatic;
				CURRENT_PROJECT_VERSION = 1;
				DEVELOPMENT_ASSET_PATHS = "\"Calculator/Preview Content\"";
				DEVELOPMENT_TEAM = X7VAASBLXZ;
				ENABLE_PREVIEWS = YES;
				GENERATE_INFOPLIST_FILE = YES;
				INFOPLIST_KEY_UIApplicationSceneManifest_Generation = YES;
				INFOPLIST_KEY_UIApplicationSupportsIndirectInputEvents = YES;
				INFOPLIST_KEY_UILaunchScreen_Generation = YES;
				INFOPLIST_KEY_UISupportedInterfaceOrientations_iPad = "UIInterfaceOrientationPortrait UIInterfaceOrientationPortraitUpsideDown UIInterfaceOrientationLandscapeLeft UIInterfaceOrientationLandscapeRight";
				INFOPLIST_KEY_UISupportedInterfaceOrientations_iPhone = "UIInterfaceOrientationPortrait UIInterfaceOrientationLandscapeLeft UIInterfaceOrientationLandscapeRight";
				LD_RUNPATH_SEARCH_PATHS = (
					"$(inherited)",
					"@executable_path/Frameworks",
				);
				MARKETING_VERSION = 1.0;
				PRODUCT_BUNDLE_IDENTIFIER = TyWysocki.Calculator;
				PRODUCT_NAME = "$(TARGET_NAME)";
				SWIFT_EMIT_LOC_STRINGS = YES;
				SWIFT_VERSION = 5.0;
				TARGETED_DEVICE_FAMILY = "1,2";
			};
			name = Debug;
		};
		A1530CAB297E94470013FA3C /* Release */ = {
			isa = XCBuildConfiguration;
			buildSettings = {
				ASSETCATALOG_COMPILER_APPICON_NAME = AppIcon;
				ASSETCATALOG_COMPILER_GLOBAL_ACCENT_COLOR_NAME = AccentColor;
				CODE_SIGN_STYLE = Automatic;
				CURRENT_PROJECT_VERSION = 1;
				DEVELOPMENT_ASSET_PATHS = "\"Calculator/Preview Content\"";
				DEVELOPMENT_TEAM = X7VAASBLXZ;
				ENABLE_PREVIEWS = YES;
				GENERATE_INFOPLIST_FILE = YES;
				INFOPLIST_KEY_UIApplicationSceneManifest_Generation = YES;
				INFOPLIST_KEY_UIApplicationSupportsIndirectInputEvents = YES;
				INFOPLIST_KEY_UILaunchScreen_Generation = YES;
				INFOPLIST_KEY_UISupportedInterfaceOrientations_iPad = "UIInterfaceOrientationPortrait UIInterfaceOrientationPortraitUpsideDown UIInterfaceOrientationLandscapeLeft UIInterfaceOrientationLandscapeRight";
				INFOPLIST_KEY_UISupportedInterfaceOrientations_iPhone = "UIInterfaceOrientationPortrait UIInterfaceOrientationLandscapeLeft UIInterfaceOrientationLandscapeRight";
				LD_RUNPATH_SEARCH_PATHS = (
					"$(inherited)",
					"@executable_path/Frameworks",
				);
				MARKETING_VERSION = 1.0;
				PRODUCT_BUNDLE_IDENTIFIER = TyWysocki.Calculator;
				PRODUCT_NAME = "$(TARGET_NAME)";
				SWIFT_EMIT_LOC_STRINGS = YES;
				SWIFT_VERSION = 5.0;
				TARGETED_DEVICE_FAMILY = "1,2";
			};
			name = Release;
		};
/* End XCBuildConfiguration section */

/* Begin XCConfigurationList section */
		A1530C96297E94460013FA3C /* Build configuration list for PBXProject "Calculator" */ = {
			isa = XCConfigurationList;
			buildConfigurations = (
				A1530CA7297E94470013FA3C /* Debug */,
				A1530CA8297E94470013FA3C /* Release */,
			);
			defaultConfigurationIsVisible = 0;
			defaultConfigurationName = Release;
		};
		A1530CA9297E94470013FA3C /* Build configuration list for PBXNativeTarget "Calculator" */ = {
			isa = XCConfigurationList;
			buildConfigurations = (
				A1530CAA297E94470013FA3C /* Debug */,
				A1530CAB297E94470013FA3C /* Release */,
			);
			defaultConfigurationIsVisible = 0;
			defaultConfigurationName = Release;
		};
/* End XCConfigurationList section */
	};
	rootObject = A1530C93297E94460013FA3C /* Project object */;
}
